<?xml version="1.0" encoding="utf-8"?>
<Project ToolsVersion="4.0" xmlns="http://schemas.microsoft.com/developer/msbuild/2003">
  <ItemGroup>
    <Filter Include="Source Files">
      <UniqueIdentifier>{4FC737F1-C7A5-4376-A066-2A32D752A2FF}</UniqueIdentifier>
      <Extensions>cpp;c;cc;cxx;c++;cppm;ixx;def;odl;idl;hpj;bat;asm;asmx</Extensions>
    </Filter>
    <Filter Include="Header Files">
      <UniqueIdentifier>{93995380-89BD-4b04-88EB-625FBE52EBFB}</UniqueIdentifier>
      <Extensions>h;hh;hpp;hxx;h++;hm;inl;inc;ipp;xsd</Extensions>
    </Filter>
    <Filter Include="Resource Files">
      <UniqueIdentifier>{67DA6AB6-F800-4c08-8B7A-83BB121AAD01}</UniqueIdentifier>
      <Extensions>rc;ico;cur;bmp;dlg;rc2;rct;bin;rgs;gif;jpg;jpeg;jpe;resx;tiff;tif;png;wav;mfcribbon-ms</Extensions>
    </Filter>
  </ItemGroup>
  <ItemGroup>
    <ClCompile Include="main.cpp">
      <Filter>Source Files</Filter>
    </ClCompile>
    <ClCompile Include="Game.cpp">
      <Filter>Source Files</Filter>
    </ClCompile>
    <ClCompile Include="Reuseables\Button.cpp">
      <Filter>Source Files</Filter>
    </ClCompile>
    <ClCompile Include="GameMediator.cpp">
      <Filter>Source Files</Filter>
    </ClCompile>
    <ClCompile Include="RoomLogic\EmptyRoom.cpp">
      <Filter>Source Files</Filter>
    </ClCompile>
    <ClCompile Include="RoomLogic\MonsterRoom.cpp">
      <Filter>Source Files</Filter>
    </ClCompile>
    <ClCompile Include="Player.cpp">
      <Filter>Source Files</Filter>
    </ClCompile>
    <ClCompile Include="RoomLogic\RoomSelector.cpp">
      <Filter>Source Files</Filter>
    </ClCompile>
    <ClCompile Include="RoomLogic\UpgradeRoom.cpp">
      <Filter>Source Files</Filter>
    </ClCompile>
    <ClCompile Include="RoomLogic\TreasureRoom.cpp">
      <Filter>Source Files</Filter>
    </ClCompile>
    <ClCompile Include="RoomLogic\DungeonRoom.cpp">
      <Filter>Source Files</Filter>
    </ClCompile>
    <ClCompile Include="EnemyLogic\CombatMediator.cpp">
      <Filter>Source Files</Filter>
    </ClCompile>
    <ClCompile Include="EnemyLogic\Goblin.cpp">
      <Filter>Source Files</Filter>
    </ClCompile>
    <ClCompile Include="EnemyLogic\Enemy.cpp">
      <Filter>Source Files</Filter>
    </ClCompile>
    <ClCompile Include="Reuseables\UiElement.cpp">
      <Filter>Source Files</Filter>
    </ClCompile>
    <ClCompile Include="DungeonBackground\DungeonBackgroundCache.cpp">
      <Filter>Source Files</Filter>
    </ClCompile>
    <ClCompile Include="Reuseables\PreLoadedElement.cpp">
      <Filter>Source Files</Filter>
    </ClCompile>
    <ClCompile Include="RoomLogic\DungeonExploredDisplay.cpp">
      <Filter>Source Files</Filter>
    </ClCompile>
    <ClCompile Include="Reuseables\TextInput.cpp">
      <Filter>Source Files</Filter>
    </ClCompile>
    <ClCompile Include="EnemyLogic\MovesDisplay.cpp">
      <Filter>Source Files</Filter>
    </ClCompile>
    <ClCompile Include="Component.cpp">
      <Filter>Source Files</Filter>
    </ClCompile>
    <ClCompile Include="Reuseables\Buttons\HomePageButton.cpp">
      <Filter>Source Files</Filter>
    </ClCompile>
    <ClCompile Include="Reuseables\Buttons\HardDiffButton.cpp">
      <Filter>Source Files</Filter>
    </ClCompile>
    <ClCompile Include="Reuseables\Buttons\EasyDiffButton.cpp">
      <Filter>Source Files</Filter>
    </ClCompile>
    <ClCompile Include="Reuseables\Buttons\ExploreButton.cpp">
      <Filter>Source Files</Filter>
    </ClCompile>
    <ClCompile Include="Reuseables\Buttons\CustomizeButton.cpp">
      <Filter>Source Files</Filter>
    </ClCompile>
    <ClCompile Include="Reuseables\AttackPointsBar.cpp">
      <Filter>Source Files</Filter>
    </ClCompile>
    <ClCompile Include="Reuseables\PlayerHealthBar.cpp">
      <Filter>Source Files</Filter>
    </ClCompile>
    <ClCompile Include="Reuseables\Text.cpp">
      <Filter>Source Files</Filter>
    </ClCompile>
    <ClCompile Include="Reuseables\Buttons\CustomizeNameButton.cpp">
      <Filter>Source Files</Filter>
    </ClCompile>
    <ClCompile Include="Reuseables\Buttons\CustomizeDescriptionButton.cpp">
      <Filter>Source Files</Filter>
    </ClCompile>
    <ClCompile Include="Reuseables\Buttons\ChangeNameButton.cpp">
      <Filter>Source Files</Filter>
    </ClCompile>
    <ClCompile Include="Reuseables\Buttons\ChangeDescriptionButton.cpp">
      <Filter>Source Files</Filter>
    </ClCompile>
    <ClCompile Include="Reuseables\Buttons\BackButton.cpp">
      <Filter>Source Files</Filter>
    </ClCompile>
    <ClCompile Include="Reuseables\Buttons\TreasureButton.cpp">
      <Filter>Source Files</Filter>
    </ClCompile>
    <ClCompile Include="Reuseables\Buttons\ForwardButton.cpp">
      <Filter>Source Files</Filter>
    </ClCompile>
    <ClCompile Include="Reuseables\Buttons\MeditateButton.cpp">
      <Filter>Source Files</Filter>
    </ClCompile>
    <ClCompile Include="Reuseables\Buttons\AttackButton.cpp">
      <Filter>Source Files</Filter>
    </ClCompile>
    <ClCompile Include="Reuseables\Buttons\GuardButton.cpp">
      <Filter>Source Files</Filter>
    </ClCompile>
    <ClCompile Include="Reuseables\Buttons\UpgradeAttackButton.cpp">
      <Filter>Source Files</Filter>
    </ClCompile>
    <ClCompile Include="Reuseables\Buttons\UpgradeMaxHealthButton.cpp">
      <Filter>Source Files</Filter>
    </ClCompile>
    <ClCompile Include="Reuseables\EnemyHealthBar.cpp">
      <Filter>Source Files</Filter>
    </ClCompile>
  </ItemGroup>
  <ItemGroup>
    <ClInclude Include="Game.h">
      <Filter>Header Files</Filter>
    </ClInclude>
    <ClInclude Include="Reuseables\Button.h">
      <Filter>Header Files</Filter>
    </ClInclude>
    <ClInclude Include="GameMediator.h">
      <Filter>Header Files</Filter>
    </ClInclude>
    <ClInclude Include="RoomLogic\DungeonRoom.h">
      <Filter>Header Files</Filter>
    </ClInclude>
    <ClInclude Include="RoomLogic\EmptyRoom.h">
      <Filter>Header Files</Filter>
    </ClInclude>
    <ClInclude Include="RoomLogic\MonsterRoom.h">
      <Filter>Header Files</Filter>
    </ClInclude>
    <ClInclude Include="Player.h">
      <Filter>Header Files</Filter>
    </ClInclude>
    <ClInclude Include="RoomLogic\RoomSelector.h">
      <Filter>Header Files</Filter>
    </ClInclude>
    <ClInclude Include="RoomLogic\UpgradeRoom.h">
      <Filter>Header Files</Filter>
    </ClInclude>
    <ClInclude Include="RoomLogic\TreasureRoom.h">
      <Filter>Header Files</Filter>
    </ClInclude>
    <ClInclude Include="RoomLogic\RoomTypes.h">
      <Filter>Header Files</Filter>
    </ClInclude>
    <ClInclude Include="EnemyLogic\CombatMediator.h">
      <Filter>Header Files</Filter>
    </ClInclude>
    <ClInclude Include="EnemyLogic\Goblin.h">
      <Filter>Header Files</Filter>
    </ClInclude>
    <ClInclude Include="EnemyLogic\Enemy.h">
      <Filter>Header Files</Filter>
    </ClInclude>
    <ClInclude Include="EnemyLogic\EnemyTypes.h">
      <Filter>Header Files</Filter>
    </ClInclude>
    <ClInclude Include="Reuseables\UiElement.h">
      <Filter>Header Files</Filter>
    </ClInclude>
    <ClInclude Include="DungeonBackground\DungeonBackgroundCache.h">
      <Filter>Header Files</Filter>
    </ClInclude>
    <ClInclude Include="Reuseables\PreLoadedElement.h">
      <Filter>Header Files</Filter>
    </ClInclude>
    <ClInclude Include="RoomLogic\DungeonExploredDisplay.h">
      <Filter>Header Files</Filter>
    </ClInclude>
    <ClInclude Include="Reuseables\TextInput.h">
      <Filter>Header Files</Filter>
    </ClInclude>
    <ClInclude Include="EnemyLogic\MovesDisplay.h">
      <Filter>Header Files</Filter>
    </ClInclude>
    <ClInclude Include="Component.h">
      <Filter>Header Files</Filter>
    </ClInclude>
    <ClInclude Include="Response.h">
      <Filter>Header Files</Filter>
    </ClInclude>
    <ClInclude Include="Reuseables\Buttons\HomePageButton.h">
      <Filter>Header Files</Filter>
    </ClInclude>
    <ClInclude Include="Reuseables\Buttons\HardDiffButton.h">
      <Filter>Header Files</Filter>
    </ClInclude>
    <ClInclude Include="Reuseables\Buttons\EasyDiffButton.h">
      <Filter>Header Files</Filter>
    </ClInclude>
    <ClInclude Include="Reuseables\Buttons\ExploreButton.h">
      <Filter>Header Files</Filter>
    </ClInclude>
    <ClInclude Include="Reuseables\Buttons\CustomizeButton.h">
      <Filter>Header Files</Filter>
    </ClInclude>
    <ClInclude Include="Reuseables\AttackPointsBar.h">
      <Filter>Header Files</Filter>
    </ClInclude>
    <ClInclude Include="Reuseables\PlayerHealthBar.h">
      <Filter>Header Files</Filter>
    </ClInclude>
    <ClInclude Include="Reuseables\Text.h">
      <Filter>Header Files</Filter>
    </ClInclude>
    <ClInclude Include="Reuseables\Buttons\CustomizeNameButton.h">
      <Filter>Header Files</Filter>
    </ClInclude>
    <ClInclude Include="Reuseables\Buttons\CustomizeDescriptionButton.h">
      <Filter>Header Files</Filter>
    </ClInclude>
    <ClInclude Include="Reuseables\Buttons\ChangeNameButton.h">
      <Filter>Header Files</Filter>
    </ClInclude>
    <ClInclude Include="Reuseables\Buttons\ChangeDescriptionButton.h">
      <Filter>Header Files</Filter>
    </ClInclude>
    <ClInclude Include="Reuseables\Buttons\BackButton.h">
      <Filter>Header Files</Filter>
    </ClInclude>
    <ClInclude Include="Reuseables\Buttons\TreasureButton.h">
      <Filter>Header Files</Filter>
    </ClInclude>
    <ClInclude Include="Reuseables\Buttons\ForwardButton.h">
      <Filter>Header Files</Filter>
    </ClInclude>
    <ClInclude Include="Reuseables\Buttons\MeditateButton.h">
      <Filter>Header Files</Filter>
    </ClInclude>
    <ClInclude Include="Reuseables\Buttons\AttackButton.h">
      <Filter>Header Files</Filter>
    </ClInclude>
    <ClInclude Include="Reuseables\Buttons\GuardButton.h">
      <Filter>Header Files</Filter>
    </ClInclude>
    <ClInclude Include="Reuseables\Buttons\UpgradeAttackButton.h">
      <Filter>Header Files</Filter>
    </ClInclude>
    <ClInclude Include="Reuseables\Buttons\UpgradeMaxHealthButton.h">
      <Filter>Header Files</Filter>
    </ClInclude>
    <ClInclude Include="Reuseables\EnemyHealthBar.h">
      <Filter>Header Files</Filter>
    </ClInclude>
  </ItemGroup>
</Project>